{
  "version": "4",
  "specifiers": {
    "jsr:@luca/esbuild-deno-loader@0.11": "0.11.0",
    "jsr:@std/bytes@^1.0.2": "1.0.4",
    "jsr:@std/encoding@^1.0.5": "1.0.5",
    "jsr:@std/path@^1.0.6": "1.0.8",
    "npm:esbuild@0.24.0": "0.24.0",
    "npm:uikit@^3.23.3": "3.23.3",
    "npm:viem@^2.23.13": "2.23.13_ws@8.18.1"
  },
  "jsr": {
    "@luca/esbuild-deno-loader@0.11.0": {
      "integrity": "c05a989aa7c4ee6992a27be5f15cfc5be12834cab7ff84cabb47313737c51a2c",
      "dependencies": [
        "jsr:@std/bytes",
        "jsr:@std/encoding",
        "jsr:@std/path"
      ]
    },
    "@std/bytes@1.0.4": {
      "integrity": "11a0debe522707c95c7b7ef89b478c13fb1583a7cfb9a85674cd2cc2e3a28abc"
    },
    "@std/encoding@1.0.5": {
      "integrity": "ecf363d4fc25bd85bd915ff6733a7e79b67e0e7806334af15f4645c569fefc04"
    },
    "@std/path@1.0.8": {
      "integrity": "548fa456bb6a04d3c1a1e7477986b6cffbce95102d0bb447c67c4ee70e0364be"
    }
  },
  "npm": {
    "@adraffy/ens-normalize@1.11.0": {
      "integrity": "sha512-/3DDPKHqqIqxUULp8yP4zODUY1i+2xvVWsv8A79xGWdCAG+8sb0hRh0Rk2QyOJUnnbyPUAZYcpBuRe3nS2OIUg=="
    },
    "@esbuild/aix-ppc64@0.24.0": {
      "integrity": "sha512-WtKdFM7ls47zkKHFVzMz8opM7LkcsIp9amDUBIAWirg70RM71WRSjdILPsY5Uv1D42ZpUfaPILDlfactHgsRkw=="
    },
    "@esbuild/android-arm64@0.24.0": {
      "integrity": "sha512-Vsm497xFM7tTIPYK9bNTYJyF/lsP590Qc1WxJdlB6ljCbdZKU9SY8i7+Iin4kyhV/KV5J2rOKsBQbB77Ab7L/w=="
    },
    "@esbuild/android-arm@0.24.0": {
      "integrity": "sha512-arAtTPo76fJ/ICkXWetLCc9EwEHKaeya4vMrReVlEIUCAUncH7M4bhMQ+M9Vf+FFOZJdTNMXNBrWwW+OXWpSew=="
    },
    "@esbuild/android-x64@0.24.0": {
      "integrity": "sha512-t8GrvnFkiIY7pa7mMgJd7p8p8qqYIz1NYiAoKc75Zyv73L3DZW++oYMSHPRarcotTKuSs6m3hTOa5CKHaS02TQ=="
    },
    "@esbuild/darwin-arm64@0.24.0": {
      "integrity": "sha512-CKyDpRbK1hXwv79soeTJNHb5EiG6ct3efd/FTPdzOWdbZZfGhpbcqIpiD0+vwmpu0wTIL97ZRPZu8vUt46nBSw=="
    },
    "@esbuild/darwin-x64@0.24.0": {
      "integrity": "sha512-rgtz6flkVkh58od4PwTRqxbKH9cOjaXCMZgWD905JOzjFKW+7EiUObfd/Kav+A6Gyud6WZk9w+xu6QLytdi2OA=="
    },
    "@esbuild/freebsd-arm64@0.24.0": {
      "integrity": "sha512-6Mtdq5nHggwfDNLAHkPlyLBpE5L6hwsuXZX8XNmHno9JuL2+bg2BX5tRkwjyfn6sKbxZTq68suOjgWqCicvPXA=="
    },
    "@esbuild/freebsd-x64@0.24.0": {
      "integrity": "sha512-D3H+xh3/zphoX8ck4S2RxKR6gHlHDXXzOf6f/9dbFt/NRBDIE33+cVa49Kil4WUjxMGW0ZIYBYtaGCa2+OsQwQ=="
    },
    "@esbuild/linux-arm64@0.24.0": {
      "integrity": "sha512-TDijPXTOeE3eaMkRYpcy3LarIg13dS9wWHRdwYRnzlwlA370rNdZqbcp0WTyyV/k2zSxfko52+C7jU5F9Tfj1g=="
    },
    "@esbuild/linux-arm@0.24.0": {
      "integrity": "sha512-gJKIi2IjRo5G6Glxb8d3DzYXlxdEj2NlkixPsqePSZMhLudqPhtZ4BUrpIuTjJYXxvF9njql+vRjB2oaC9XpBw=="
    },
    "@esbuild/linux-ia32@0.24.0": {
      "integrity": "sha512-K40ip1LAcA0byL05TbCQ4yJ4swvnbzHscRmUilrmP9Am7//0UjPreh4lpYzvThT2Quw66MhjG//20mrufm40mA=="
    },
    "@esbuild/linux-loong64@0.24.0": {
      "integrity": "sha512-0mswrYP/9ai+CU0BzBfPMZ8RVm3RGAN/lmOMgW4aFUSOQBjA31UP8Mr6DDhWSuMwj7jaWOT0p0WoZ6jeHhrD7g=="
    },
    "@esbuild/linux-mips64el@0.24.0": {
      "integrity": "sha512-hIKvXm0/3w/5+RDtCJeXqMZGkI2s4oMUGj3/jM0QzhgIASWrGO5/RlzAzm5nNh/awHE0A19h/CvHQe6FaBNrRA=="
    },
    "@esbuild/linux-ppc64@0.24.0": {
      "integrity": "sha512-HcZh5BNq0aC52UoocJxaKORfFODWXZxtBaaZNuN3PUX3MoDsChsZqopzi5UupRhPHSEHotoiptqikjN/B77mYQ=="
    },
    "@esbuild/linux-riscv64@0.24.0": {
      "integrity": "sha512-bEh7dMn/h3QxeR2KTy1DUszQjUrIHPZKyO6aN1X4BCnhfYhuQqedHaa5MxSQA/06j3GpiIlFGSsy1c7Gf9padw=="
    },
    "@esbuild/linux-s390x@0.24.0": {
      "integrity": "sha512-ZcQ6+qRkw1UcZGPyrCiHHkmBaj9SiCD8Oqd556HldP+QlpUIe2Wgn3ehQGVoPOvZvtHm8HPx+bH20c9pvbkX3g=="
    },
    "@esbuild/linux-x64@0.24.0": {
      "integrity": "sha512-vbutsFqQ+foy3wSSbmjBXXIJ6PL3scghJoM8zCL142cGaZKAdCZHyf+Bpu/MmX9zT9Q0zFBVKb36Ma5Fzfa8xA=="
    },
    "@esbuild/netbsd-x64@0.24.0": {
      "integrity": "sha512-hjQ0R/ulkO8fCYFsG0FZoH+pWgTTDreqpqY7UnQntnaKv95uP5iW3+dChxnx7C3trQQU40S+OgWhUVwCjVFLvg=="
    },
    "@esbuild/openbsd-arm64@0.24.0": {
      "integrity": "sha512-MD9uzzkPQbYehwcN583yx3Tu5M8EIoTD+tUgKF982WYL9Pf5rKy9ltgD0eUgs8pvKnmizxjXZyLt0z6DC3rRXg=="
    },
    "@esbuild/openbsd-x64@0.24.0": {
      "integrity": "sha512-4ir0aY1NGUhIC1hdoCzr1+5b43mw99uNwVzhIq1OY3QcEwPDO3B7WNXBzaKY5Nsf1+N11i1eOfFcq+D/gOS15Q=="
    },
    "@esbuild/sunos-x64@0.24.0": {
      "integrity": "sha512-jVzdzsbM5xrotH+W5f1s+JtUy1UWgjU0Cf4wMvffTB8m6wP5/kx0KiaLHlbJO+dMgtxKV8RQ/JvtlFcdZ1zCPA=="
    },
    "@esbuild/win32-arm64@0.24.0": {
      "integrity": "sha512-iKc8GAslzRpBytO2/aN3d2yb2z8XTVfNV0PjGlCxKo5SgWmNXx82I/Q3aG1tFfS+A2igVCY97TJ8tnYwpUWLCA=="
    },
    "@esbuild/win32-ia32@0.24.0": {
      "integrity": "sha512-vQW36KZolfIudCcTnaTpmLQ24Ha1RjygBo39/aLkM2kmjkWmZGEJ5Gn9l5/7tzXA42QGIoWbICfg6KLLkIw6yw=="
    },
    "@esbuild/win32-x64@0.24.0": {
      "integrity": "sha512-7IAFPrjSQIJrGsK6flwg7NFmwBoSTyF3rl7If0hNUFQU4ilTsEPL6GuMuU9BfIWVVGuRnuIidkSMC+c0Otu8IA=="
    },
    "@noble/curves@1.8.1": {
      "integrity": "sha512-warwspo+UYUPep0Q+vtdVB4Ugn8GGQj8iyB3gnRWsztmUHTI3S1nhdiWNsPUGL0vud7JlRRk1XEu7Lq1KGTnMQ==",
      "dependencies": [
        "@noble/hashes"
      ]
    },
    "@noble/hashes@1.7.1": {
      "integrity": "sha512-B8XBPsn4vT/KJAGqDzbwztd+6Yte3P4V7iafm24bxgDe/mlRuK6xmWPuCNrKt2vDafZ8MfJLlchDG/vYafQEjQ=="
    },
    "@scure/base@1.2.4": {
      "integrity": "sha512-5Yy9czTO47mqz+/J8GM6GIId4umdCk1wc1q8rKERQulIoc8VP9pzDcghv10Tl2E7R96ZUx/PhND3ESYUQX8NuQ=="
    },
    "@scure/bip32@1.6.2": {
      "integrity": "sha512-t96EPDMbtGgtb7onKKqxRLfE5g05k7uHnHRM2xdE6BP/ZmxaLtPek4J4KfVn/90IQNrU1IOAqMgiDtUdtbe3nw==",
      "dependencies": [
        "@noble/curves",
        "@noble/hashes",
        "@scure/base"
      ]
    },
    "@scure/bip39@1.5.4": {
      "integrity": "sha512-TFM4ni0vKvCfBpohoh+/lY05i9gRbSwXWngAsF4CABQxoaOHijxuaZ2R6cStDQ5CHtHO9aGJTr4ksVJASRRyMA==",
      "dependencies": [
        "@noble/hashes",
        "@scure/base"
      ]
    },
    "abitype@1.0.8": {
      "integrity": "sha512-ZeiI6h3GnW06uYDLx0etQtX/p8E24UaHHBj57RSjK7YBFe7iuVn07EDpOeP451D06sF27VOz9JJPlIKJmXgkEg=="
    },
    "esbuild@0.24.0": {
      "integrity": "sha512-FuLPevChGDshgSicjisSooU0cemp/sGXR841D5LHMB7mTVOmsEHcAxaH3irL53+8YDIeVNQEySh4DaYU/iuPqQ==",
      "dependencies": [
        "@esbuild/aix-ppc64",
        "@esbuild/android-arm",
        "@esbuild/android-arm64",
        "@esbuild/android-x64",
        "@esbuild/darwin-arm64",
        "@esbuild/darwin-x64",
        "@esbuild/freebsd-arm64",
        "@esbuild/freebsd-x64",
        "@esbuild/linux-arm",
        "@esbuild/linux-arm64",
        "@esbuild/linux-ia32",
        "@esbuild/linux-loong64",
        "@esbuild/linux-mips64el",
        "@esbuild/linux-ppc64",
        "@esbuild/linux-riscv64",
        "@esbuild/linux-s390x",
        "@esbuild/linux-x64",
        "@esbuild/netbsd-x64",
        "@esbuild/openbsd-arm64",
        "@esbuild/openbsd-x64",
        "@esbuild/sunos-x64",
        "@esbuild/win32-arm64",
        "@esbuild/win32-ia32",
        "@esbuild/win32-x64"
      ]
    },
    "eventemitter3@5.0.1": {
      "integrity": "sha512-GWkBvjiSZK87ELrYOSESUYeVIc9mvLLf/nXalMOS5dYrgZq9o5OVkbZAVM06CVxYsCwH9BDZFPlQTlPA1j4ahA=="
    },
    "isows@1.0.6_ws@8.18.1": {
      "integrity": "sha512-lPHCayd40oW98/I0uvgaHKWCSvkzY27LjWLbtzOm64yQ+G3Q5npjjbdppU65iZXkK1Zt+kH9pfegli0AYfwYYw==",
      "dependencies": [
        "ws"
      ]
    },
    "ox@0.6.9": {
      "integrity": "sha512-wi5ShvzE4eOcTwQVsIPdFr+8ycyX+5le/96iAJutaZAvCes1J0+RvpEPg5QDPDiaR0XQQAvZVl7AwqQcINuUug==",
      "dependencies": [
        "@adraffy/ens-normalize",
        "@noble/curves",
        "@noble/hashes",
        "@scure/bip32",
        "@scure/bip39",
        "abitype",
        "eventemitter3"
      ]
    },
    "uikit@3.23.3": {
      "integrity": "sha512-GK8b6wZxYjrDKVlG7XFhldLirZwZiTgkKSu2Hx1GDSAR/HCnptVCMLAKGP2YmrG0USoIlNFmaQl9y49hxZxKAQ=="
    },
    "viem@2.23.13_ws@8.18.1": {
      "integrity": "sha512-f3RkcrzGhU79GfBb9GHUL0m3e3LUsNudXIQTFp4fit5hUGb0ew9KOYZ6cCY5d4Melj3noBy2zq0K2fV+mp+Cpg==",
      "dependencies": [
        "@noble/curves",
        "@noble/hashes",
        "@scure/bip32",
        "@scure/bip39",
        "abitype",
        "isows",
        "ox",
        "ws"
      ]
    },
    "ws@8.18.1": {
      "integrity": "sha512-RKW2aJZMXeMxVpnZ6bck+RswznaxmzdULiBr6KY7XkTnW8uvt0iT9H5DkHUChXrc+uurzwa0rVI16n/Xzjdz1w=="
    }
  },
  "remote": {
    "https://deno.land/std@0.210.0/assert/assert.ts": "e265ad50a9341f3b40e51dd4cb41ab253d976943ba78a977106950e52e0302ab",
    "https://deno.land/std@0.210.0/assert/assertion_error.ts": "26ed1863d905005f00785c89750c001c3522c5417e4f58f95044b8143cfc1593",
    "https://deno.land/std@0.210.0/fs/_create_walk_entry.ts": "7462542d30c53e925b07c4243929434e78a190d31987a3388c8e0bd52ef8e440",
    "https://deno.land/std@0.210.0/fs/_get_file_info_type.ts": "9c92ff74f39bfba66b09faf9901af6a944cc71f014d9649e7d3e32eac4aeddfc",
    "https://deno.land/std@0.210.0/fs/_is_subdir.ts": "65525686538138cdfc7e9bc24d9c8397cd28342f8395f0c472989c6787ff6749",
    "https://deno.land/std@0.210.0/fs/_to_path_string.ts": "d963898a0d277b155eefb5c64202de71ca2f5e1348897a2f56d3bce6347fc3cc",
    "https://deno.land/std@0.210.0/fs/copy.ts": "2a7ccfd78976fb624699bd8dec214bc492804b29414c80e7c29955526598b57b",
    "https://deno.land/std@0.210.0/fs/empty_dir.ts": "a0d35035b604fbbdedee9a8fe28b7436ae0f32a111e9e88fe0469b93b8548940",
    "https://deno.land/std@0.210.0/fs/ensure_dir.ts": "f797d9bf39aa2a796923a62b0e10d864998cec396f4712f5c869f3d0d8a6bfd3",
    "https://deno.land/std@0.210.0/fs/walk.ts": "78131d81952231f173e01aa1c1d69485e627bf4bb3af020a1c1b2ad490892c12",
    "https://deno.land/std@0.210.0/path/_common/assert_path.ts": "061e4d093d4ba5aebceb2c4da3318bfe3289e868570e9d3a8e327d91c2958946",
    "https://deno.land/std@0.210.0/path/_common/basename.ts": "0d978ff818f339cd3b1d09dc914881f4d15617432ae519c1b8fdc09ff8d3789a",
    "https://deno.land/std@0.210.0/path/_common/constants.ts": "e49961f6f4f48039c0dfed3c3f93e963ca3d92791c9d478ac5b43183413136e0",
    "https://deno.land/std@0.210.0/path/_common/from_file_url.ts": "ef1bf3197d2efbf0297a2bdbf3a61d804b18f2bcce45548ae112313ec5be3c22",
    "https://deno.land/std@0.210.0/path/_common/normalize.ts": "2ba7fb4cc9fafb0f38028f434179579ce61d4d9e51296fad22b701c3d3cd7397",
    "https://deno.land/std@0.210.0/path/_common/normalize_string.ts": "88c472f28ae49525f9fe82de8c8816d93442d46a30d6bb5063b07ff8a89ff589",
    "https://deno.land/std@0.210.0/path/_common/strip_trailing_separators.ts": "7ffc7c287e97bdeeee31b155828686967f222cd73f9e5780bfe7dfb1b58c6c65",
    "https://deno.land/std@0.210.0/path/_os.ts": "30b0c2875f360c9296dbe6b7f2d528f0f9c741cecad2e97f803f5219e91b40a2",
    "https://deno.land/std@0.210.0/path/basename.ts": "04bb5ef3e86bba8a35603b8f3b69537112cdd19ce64b77f2522006da2977a5f3",
    "https://deno.land/std@0.210.0/path/from_file_url.ts": "e7fa233ea1dff9641e8d566153a24d95010110185a6f418dd2e32320926043f8",
    "https://deno.land/std@0.210.0/path/join.ts": "3ee91038e3eaa966897eddda43d5207d7cae5c2de8a658bdbd722e8f8f29206a",
    "https://deno.land/std@0.210.0/path/normalize.ts": "aa95be9a92c7bd4f9dc0ba51e942a1973e2b93d266cd74f5ca751c136d520b66",
    "https://deno.land/std@0.210.0/path/posix/_util.ts": "ecf49560fedd7dd376c6156cc5565cad97c1abe9824f4417adebc7acc36c93e5",
    "https://deno.land/std@0.210.0/path/posix/basename.ts": "a630aeb8fd8e27356b1823b9dedd505e30085015407caa3396332752f6b8406a",
    "https://deno.land/std@0.210.0/path/posix/from_file_url.ts": "b97287a83e6407ac27bdf3ab621db3fccbf1c27df0a1b1f20e1e1b5acf38a379",
    "https://deno.land/std@0.210.0/path/posix/join.ts": "0c0d84bdc344876930126640011ec1b888e6facf74153ffad9ef26813aa2a076",
    "https://deno.land/std@0.210.0/path/posix/normalize.ts": "11de90a94ab7148cc46e5a288f7d732aade1d616bc8c862f5560fa18ff987b4b",
    "https://deno.land/std@0.210.0/path/posix/resolve.ts": "51579d83159d5c719518c9ae50812a63959bbcb7561d79acbdb2c3682236e285",
    "https://deno.land/std@0.210.0/path/resolve.ts": "5b184efc87155a0af9fa305ff68a109e28de9aee81fc3e77cd01380f19daf867",
    "https://deno.land/std@0.210.0/path/separator.ts": "1a21ffd408bfaa317bffff604e5a799f78a7a5571590bde6b9cdce7685953d74",
    "https://deno.land/std@0.210.0/path/windows/_util.ts": "f32b9444554c8863b9b4814025c700492a2b57ff2369d015360970a1b1099d54",
    "https://deno.land/std@0.210.0/path/windows/basename.ts": "8a9dbf7353d50afbc5b221af36c02a72c2d1b2b5b9f7c65bf6a5a2a0baf88ad3",
    "https://deno.land/std@0.210.0/path/windows/from_file_url.ts": "d53335c12b0725893d768be3ac6bf0112cc5b639d2deb0171b35988493b46199",
    "https://deno.land/std@0.210.0/path/windows/join.ts": "e6600bf88edeeef4e2276e155b8de1d5dec0435fd526ba2dc4d37986b2882f16",
    "https://deno.land/std@0.210.0/path/windows/normalize.ts": "9deebbf40c81ef540b7b945d4ccd7a6a2c5a5992f791e6d3377043031e164e69",
    "https://deno.land/std@0.210.0/path/windows/resolve.ts": "5ff441ab18a2346abadf778121128ee71bda4d0898513d4639a6ca04edca366b"
  },
  "workspace": {
    "dependencies": [
      "jsr:@luca/esbuild-deno-loader@0.11",
      "npm:esbuild@0.24.0",
      "npm:uikit@^3.23.3",
      "npm:viem@^2.23.13"
    ]
  }
}
